// !$*UTF8*$!
{
	archiveVersion = 1;
	classes = {
	};
	objectVersion = 50;
	objects = {

/* Begin PBXBuildFile section */
		2C14985F217C659000E9F63E /* LocalNotificationsInteractor.swift in Sources */ = {isa = PBXBuildFile; fileRef = 2C14985E217C659000E9F63E /* LocalNotificationsInteractor.swift */; };
		2C14D906219B62A90024D797 /* Result.swift in Sources */ = {isa = PBXBuildFile; fileRef = 2C14D905219B62A90024D797 /* Result.swift */; };
		2C85C9C4215BA52200417F81 /* DatePickerTextField.swift in Sources */ = {isa = PBXBuildFile; fileRef = 2C85C9C3215BA52200417F81 /* DatePickerTextField.swift */; };
		78073E662154015C00E11249 /* AppDelegate.swift in Sources */ = {isa = PBXBuildFile; fileRef = 78073E652154015C00E11249 /* AppDelegate.swift */; };
		78073E682154015C00E11249 /* TaskViewController.swift in Sources */ = {isa = PBXBuildFile; fileRef = 78073E672154015C00E11249 /* TaskViewController.swift */; };
		78073E6B2154015C00E11249 /* Task.storyboard in Resources */ = {isa = PBXBuildFile; fileRef = 78073E692154015C00E11249 /* Task.storyboard */; };
		78073E6D2154015E00E11249 /* Assets.xcassets in Resources */ = {isa = PBXBuildFile; fileRef = 78073E6C2154015E00E11249 /* Assets.xcassets */; };
		78073E702154015E00E11249 /* LaunchScreen.storyboard in Resources */ = {isa = PBXBuildFile; fileRef = 78073E6E2154015E00E11249 /* LaunchScreen.storyboard */; };
		780AE906215655DF00F72F27 /* TaskPresenter.swift in Sources */ = {isa = PBXBuildFile; fileRef = 780AE905215655DF00F72F27 /* TaskPresenter.swift */; };
		780AE9092156563B00F72F27 /* Task.swift in Sources */ = {isa = PBXBuildFile; fileRef = 780AE9082156563B00F72F27 /* Task.swift */; };
		780AE90C2156590500F72F27 /* Router.swift in Sources */ = {isa = PBXBuildFile; fileRef = 780AE90B2156590500F72F27 /* Router.swift */; };
		780AE90E2156649100F72F27 /* ListPresenter.swift in Sources */ = {isa = PBXBuildFile; fileRef = 780AE90D2156649100F72F27 /* ListPresenter.swift */; };
		784D081E2159005400DB1ACF /* ListInteractor.swift in Sources */ = {isa = PBXBuildFile; fileRef = 784D081D2159005400DB1ACF /* ListInteractor.swift */; };
		784D08212159074500DB1ACF /* Auth.storyboard in Resources */ = {isa = PBXBuildFile; fileRef = 784D08202159074500DB1ACF /* Auth.storyboard */; };
		784D082321590FC000DB1ACF /* AuthViewController.swift in Sources */ = {isa = PBXBuildFile; fileRef = 784D082221590FC000DB1ACF /* AuthViewController.swift */; };
		784D08252159104000DB1ACF /* AuthInteractor.swift in Sources */ = {isa = PBXBuildFile; fileRef = 784D08242159104000DB1ACF /* AuthInteractor.swift */; };
		784D08292159138000DB1ACF /* AuthPresenter.swift in Sources */ = {isa = PBXBuildFile; fileRef = 784D08282159138000DB1ACF /* AuthPresenter.swift */; };
		784D082B2159164C00DB1ACF /* GoogleService-Info.plist in Resources */ = {isa = PBXBuildFile; fileRef = 784D082A2159164B00DB1ACF /* GoogleService-Info.plist */; };
		784D082D215963B900DB1ACF /* TaskInteractor.swift in Sources */ = {isa = PBXBuildFile; fileRef = 784D082C215963B900DB1ACF /* TaskInteractor.swift */; };
		78DA1CA221553CC60067FFD6 /* UpgradedTextField.swift in Sources */ = {isa = PBXBuildFile; fileRef = 78DA1CA121553CC60067FFD6 /* UpgradedTextField.swift */; };
		78DA1CA8215595F80067FFD6 /* List.storyboard in Resources */ = {isa = PBXBuildFile; fileRef = 78DA1CA7215595F80067FFD6 /* List.storyboard */; };
		78DA1CAA215596E90067FFD6 /* ListViewController.swift in Sources */ = {isa = PBXBuildFile; fileRef = 78DA1CA9215596E90067FFD6 /* ListViewController.swift */; };
		DDF9C4C0809ABC59167BB2DB /* Pods_todo_list_firebase.framework in Frameworks */ = {isa = PBXBuildFile; fileRef = 802D55C894DC4EE814BD5EEE /* Pods_todo_list_firebase.framework */; };
/* End PBXBuildFile section */

/* Begin PBXFileReference section */
		109E02471BEA6E80221B0983 /* Pods-todo-list-firebase.debug.xcconfig */ = {isa = PBXFileReference; includeInIndex = 1; lastKnownFileType = text.xcconfig; name = "Pods-todo-list-firebase.debug.xcconfig"; path = "Pods/Target Support Files/Pods-todo-list-firebase/Pods-todo-list-firebase.debug.xcconfig"; sourceTree = "<group>"; };
		2C14985E217C659000E9F63E /* LocalNotificationsInteractor.swift */ = {isa = PBXFileReference; lastKnownFileType = sourcecode.swift; path = LocalNotificationsInteractor.swift; sourceTree = "<group>"; };
		2C14D905219B62A90024D797 /* Result.swift */ = {isa = PBXFileReference; lastKnownFileType = sourcecode.swift; path = Result.swift; sourceTree = "<group>"; };
		2C85C9C3215BA52200417F81 /* DatePickerTextField.swift */ = {isa = PBXFileReference; lastKnownFileType = sourcecode.swift; path = DatePickerTextField.swift; sourceTree = "<group>"; };
		78073E622154015C00E11249 /* todo-list-firebase.app */ = {isa = PBXFileReference; explicitFileType = wrapper.application; includeInIndex = 0; path = "todo-list-firebase.app"; sourceTree = BUILT_PRODUCTS_DIR; };
		78073E652154015C00E11249 /* AppDelegate.swift */ = {isa = PBXFileReference; lastKnownFileType = sourcecode.swift; path = AppDelegate.swift; sourceTree = "<group>"; };
		78073E672154015C00E11249 /* TaskViewController.swift */ = {isa = PBXFileReference; lastKnownFileType = sourcecode.swift; path = TaskViewController.swift; sourceTree = "<group>"; };
		78073E6A2154015C00E11249 /* Base */ = {isa = PBXFileReference; lastKnownFileType = file.storyboard; name = Base; path = Base.lproj/Task.storyboard; sourceTree = "<group>"; };
		78073E6C2154015E00E11249 /* Assets.xcassets */ = {isa = PBXFileReference; lastKnownFileType = folder.assetcatalog; path = Assets.xcassets; sourceTree = "<group>"; };
		78073E6F2154015E00E11249 /* Base */ = {isa = PBXFileReference; lastKnownFileType = file.storyboard; name = Base; path = Base.lproj/LaunchScreen.storyboard; sourceTree = "<group>"; };
		78073E712154015E00E11249 /* Info.plist */ = {isa = PBXFileReference; lastKnownFileType = text.plist.xml; path = Info.plist; sourceTree = "<group>"; };
		780AE905215655DF00F72F27 /* TaskPresenter.swift */ = {isa = PBXFileReference; lastKnownFileType = sourcecode.swift; path = TaskPresenter.swift; sourceTree = "<group>"; };
		780AE9082156563B00F72F27 /* Task.swift */ = {isa = PBXFileReference; lastKnownFileType = sourcecode.swift; path = Task.swift; sourceTree = "<group>"; };
		780AE90B2156590500F72F27 /* Router.swift */ = {isa = PBXFileReference; lastKnownFileType = sourcecode.swift; path = Router.swift; sourceTree = "<group>"; };
		780AE90D2156649100F72F27 /* ListPresenter.swift */ = {isa = PBXFileReference; lastKnownFileType = sourcecode.swift; path = ListPresenter.swift; sourceTree = "<group>"; };
		784D081D2159005400DB1ACF /* ListInteractor.swift */ = {isa = PBXFileReference; lastKnownFileType = sourcecode.swift; path = ListInteractor.swift; sourceTree = "<group>"; };
		784D08202159074500DB1ACF /* Auth.storyboard */ = {isa = PBXFileReference; lastKnownFileType = file.storyboard; path = Auth.storyboard; sourceTree = "<group>"; };
		784D082221590FC000DB1ACF /* AuthViewController.swift */ = {isa = PBXFileReference; lastKnownFileType = sourcecode.swift; path = AuthViewController.swift; sourceTree = "<group>"; };
		784D08242159104000DB1ACF /* AuthInteractor.swift */ = {isa = PBXFileReference; lastKnownFileType = sourcecode.swift; path = AuthInteractor.swift; sourceTree = "<group>"; };
		784D08282159138000DB1ACF /* AuthPresenter.swift */ = {isa = PBXFileReference; lastKnownFileType = sourcecode.swift; path = AuthPresenter.swift; sourceTree = "<group>"; };
		784D082A2159164B00DB1ACF /* GoogleService-Info.plist */ = {isa = PBXFileReference; fileEncoding = 4; lastKnownFileType = text.plist.xml; path = "GoogleService-Info.plist"; sourceTree = "<group>"; };
		784D082C215963B900DB1ACF /* TaskInteractor.swift */ = {isa = PBXFileReference; lastKnownFileType = sourcecode.swift; path = TaskInteractor.swift; sourceTree = "<group>"; };
		78DA1CA121553CC60067FFD6 /* UpgradedTextField.swift */ = {isa = PBXFileReference; lastKnownFileType = sourcecode.swift; path = UpgradedTextField.swift; sourceTree = "<group>"; };
		78DA1CA7215595F80067FFD6 /* List.storyboard */ = {isa = PBXFileReference; lastKnownFileType = file.storyboard; path = List.storyboard; sourceTree = "<group>"; };
		78DA1CA9215596E90067FFD6 /* ListViewController.swift */ = {isa = PBXFileReference; lastKnownFileType = sourcecode.swift; path = ListViewController.swift; sourceTree = "<group>"; };
		802D55C894DC4EE814BD5EEE /* Pods_todo_list_firebase.framework */ = {isa = PBXFileReference; explicitFileType = wrapper.framework; includeInIndex = 0; path = Pods_todo_list_firebase.framework; sourceTree = BUILT_PRODUCTS_DIR; };
		E515B6236A0BB0305EA02E96 /* Pods-todo-list-firebase.release.xcconfig */ = {isa = PBXFileReference; includeInIndex = 1; lastKnownFileType = text.xcconfig; name = "Pods-todo-list-firebase.release.xcconfig"; path = "Pods/Target Support Files/Pods-todo-list-firebase/Pods-todo-list-firebase.release.xcconfig"; sourceTree = "<group>"; };
/* End PBXFileReference section */

/* Begin PBXFrameworksBuildPhase section */
		78073E5F2154015C00E11249 /* Frameworks */ = {
			isa = PBXFrameworksBuildPhase;
			buildActionMask = 2147483647;
			files = (
				DDF9C4C0809ABC59167BB2DB /* Pods_todo_list_firebase.framework in Frameworks */,
			);
			runOnlyForDeploymentPostprocessing = 0;
		};
/* End PBXFrameworksBuildPhase section */

/* Begin PBXGroup section */
		173128364DE18D3A98A257EA /* Frameworks */ = {
			isa = PBXGroup;
			children = (
				802D55C894DC4EE814BD5EEE /* Pods_todo_list_firebase.framework */,
			);
			name = Frameworks;
			sourceTree = "<group>";
		};
		2C149860217C65CC00E9F63E /* Interactors */ = {
			isa = PBXGroup;
			children = (
				784D08242159104000DB1ACF /* AuthInteractor.swift */,
				784D081D2159005400DB1ACF /* ListInteractor.swift */,
				2C14985E217C659000E9F63E /* LocalNotificationsInteractor.swift */,
				784D082C215963B900DB1ACF /* TaskInteractor.swift */,
			);
			path = Interactors;
			sourceTree = "<group>";
		};
		78073E592154015C00E11249 = {
			isa = PBXGroup;
			children = (
				78073E642154015C00E11249 /* todo-list-firebase */,
				78073E632154015C00E11249 /* Products */,
				87E830DEACBC012465D8CB3A /* Pods */,
				173128364DE18D3A98A257EA /* Frameworks */,
			);
			sourceTree = "<group>";
		};
		78073E632154015C00E11249 /* Products */ = {
			isa = PBXGroup;
			children = (
				78073E622154015C00E11249 /* todo-list-firebase.app */,
			);
			name = Products;
			sourceTree = "<group>";
		};
		78073E642154015C00E11249 /* todo-list-firebase */ = {
			isa = PBXGroup;
			children = (
				2C149860217C65CC00E9F63E /* Interactors */,
				780AE90A215658FD00F72F27 /* Router */,
				780AE9072156563000F72F27 /* Model */,
				78DA1CA5215595770067FFD6 /* Custom Views */,
				78DA1CA3215595470067FFD6 /* Scenes */,
				78073E652154015C00E11249 /* AppDelegate.swift */,
				78073E6C2154015E00E11249 /* Assets.xcassets */,
				78073E6E2154015E00E11249 /* LaunchScreen.storyboard */,
				784D082A2159164B00DB1ACF /* GoogleService-Info.plist */,
				78073E712154015E00E11249 /* Info.plist */,
				2C14D905219B62A90024D797 /* Result.swift */,
			);
			path = "todo-list-firebase";
			sourceTree = "<group>";
		};
		780AE9072156563000F72F27 /* Model */ = {
			isa = PBXGroup;
			children = (
				780AE9082156563B00F72F27 /* Task.swift */,
			);
			path = Model;
			sourceTree = "<group>";
		};
		780AE90A215658FD00F72F27 /* Router */ = {
			isa = PBXGroup;
			children = (
				780AE90B2156590500F72F27 /* Router.swift */,
			);
			path = Router;
			sourceTree = "<group>";
		};
		784D081F2159070100DB1ACF /* Auth */ = {
			isa = PBXGroup;
			children = (
				784D08282159138000DB1ACF /* AuthPresenter.swift */,
				784D082221590FC000DB1ACF /* AuthViewController.swift */,
				784D08202159074500DB1ACF /* Auth.storyboard */,
			);
			path = Auth;
			sourceTree = "<group>";
		};
		78DA1CA3215595470067FFD6 /* Scenes */ = {
			isa = PBXGroup;
			children = (
				784D081F2159070100DB1ACF /* Auth */,
				78DA1CA6215595ED0067FFD6 /* List */,
				78DA1CA42155954E0067FFD6 /* Task */,
			);
			path = Scenes;
			sourceTree = "<group>";
		};
		78DA1CA42155954E0067FFD6 /* Task */ = {
			isa = PBXGroup;
			children = (
				780AE905215655DF00F72F27 /* TaskPresenter.swift */,
				78073E672154015C00E11249 /* TaskViewController.swift */,
				78073E692154015C00E11249 /* Task.storyboard */,
			);
			path = Task;
			sourceTree = "<group>";
		};
		78DA1CA5215595770067FFD6 /* Custom Views */ = {
			isa = PBXGroup;
			children = (
				78DA1CA121553CC60067FFD6 /* UpgradedTextField.swift */,
				2C85C9C3215BA52200417F81 /* DatePickerTextField.swift */,
			);
			path = "Custom Views";
			sourceTree = "<group>";
		};
		78DA1CA6215595ED0067FFD6 /* List */ = {
			isa = PBXGroup;
			children = (
				780AE90D2156649100F72F27 /* ListPresenter.swift */,
				78DA1CA9215596E90067FFD6 /* ListViewController.swift */,
				78DA1CA7215595F80067FFD6 /* List.storyboard */,
			);
			path = List;
			sourceTree = "<group>";
		};
		87E830DEACBC012465D8CB3A /* Pods */ = {
			isa = PBXGroup;
			children = (
				109E02471BEA6E80221B0983 /* Pods-todo-list-firebase.debug.xcconfig */,
				E515B6236A0BB0305EA02E96 /* Pods-todo-list-firebase.release.xcconfig */,
			);
			name = Pods;
			sourceTree = "<group>";
		};
/* End PBXGroup section */

/* Begin PBXNativeTarget section */
		78073E612154015C00E11249 /* todo-list-firebase */ = {
			isa = PBXNativeTarget;
			buildConfigurationList = 78073E742154015E00E11249 /* Build configuration list for PBXNativeTarget "todo-list-firebase" */;
			buildPhases = (
				DD35171D20B7F05F2D18F4E5 /* [CP] Check Pods Manifest.lock */,
				78073E5E2154015C00E11249 /* Sources */,
				78073E5F2154015C00E11249 /* Frameworks */,
				78073E602154015C00E11249 /* Resources */,
				57650C3FBB55E971D9CA463E /* [CP] Embed Pods Frameworks */,
			);
			buildRules = (
			);
			dependencies = (
			);
			name = "todo-list-firebase";
			productName = "todo-list-firebase";
			productReference = 78073E622154015C00E11249 /* todo-list-firebase.app */;
			productType = "com.apple.product-type.application";
		};
/* End PBXNativeTarget section */

/* Begin PBXProject section */
		78073E5A2154015C00E11249 /* Project object */ = {
			isa = PBXProject;
			attributes = {
				LastSwiftUpdateCheck = 1000;
				LastUpgradeCheck = 1000;
				ORGANIZATIONNAME = "Eldar Goloviznin";
				TargetAttributes = {
					78073E612154015C00E11249 = {
						CreatedOnToolsVersion = 10.0;
					};
				};
			};
			buildConfigurationList = 78073E5D2154015C00E11249 /* Build configuration list for PBXProject "todo-list-firebase" */;
			compatibilityVersion = "Xcode 9.3";
			developmentRegion = en;
			hasScannedForEncodings = 0;
			knownRegions = (
				en,
				Base,
			);
			mainGroup = 78073E592154015C00E11249;
			productRefGroup = 78073E632154015C00E11249 /* Products */;
			projectDirPath = "";
			projectRoot = "";
			targets = (
				78073E612154015C00E11249 /* todo-list-firebase */,
			);
		};
/* End PBXProject section */

/* Begin PBXResourcesBuildPhase section */
		78073E602154015C00E11249 /* Resources */ = {
			isa = PBXResourcesBuildPhase;
			buildActionMask = 2147483647;
			files = (
				78073E702154015E00E11249 /* LaunchScreen.storyboard in Resources */,
				784D082B2159164C00DB1ACF /* GoogleService-Info.plist in Resources */,
				78073E6D2154015E00E11249 /* Assets.xcassets in Resources */,
				784D08212159074500DB1ACF /* Auth.storyboard in Resources */,
				78073E6B2154015C00E11249 /* Task.storyboard in Resources */,
				78DA1CA8215595F80067FFD6 /* List.storyboard in Resources */,
			);
			runOnlyForDeploymentPostprocessing = 0;
		};
/* End PBXResourcesBuildPhase section */

/* Begin PBXShellScriptBuildPhase section */
		57650C3FBB55E971D9CA463E /* [CP] Embed Pods Frameworks */ = {
			isa = PBXShellScriptBuildPhase;
			buildActionMask = 2147483647;
			files = (
			);
			inputPaths = (
				"${SRCROOT}/Pods/Target Support Files/Pods-todo-list-firebase/Pods-todo-list-firebase-frameworks.sh",
				"${BUILT_PRODUCTS_DIR}/BoringSSL/openssl.framework",
				"${BUILT_PRODUCTS_DIR}/GTMSessionFetcher/GTMSessionFetcher.framework",
				"${BUILT_PRODUCTS_DIR}/GoogleUtilities/GoogleUtilities.framework",
				"${BUILT_PRODUCTS_DIR}/Protobuf/Protobuf.framework",
				"${BUILT_PRODUCTS_DIR}/gRPC/GRPCClient.framework",
				"${BUILT_PRODUCTS_DIR}/gRPC-C++/grpcpp.framework",
				"${BUILT_PRODUCTS_DIR}/gRPC-Core/grpc.framework",
				"${BUILT_PRODUCTS_DIR}/gRPC-ProtoRPC/ProtoRPC.framework",
				"${BUILT_PRODUCTS_DIR}/gRPC-RxLibrary/RxLibrary.framework",
				"${BUILT_PRODUCTS_DIR}/leveldb-library/leveldb.framework",
				"${BUILT_PRODUCTS_DIR}/nanopb/nanopb.framework",
			);
			name = "[CP] Embed Pods Frameworks";
			outputPaths = (
				"${TARGET_BUILD_DIR}/${FRAMEWORKS_FOLDER_PATH}/openssl.framework",
				"${TARGET_BUILD_DIR}/${FRAMEWORKS_FOLDER_PATH}/GTMSessionFetcher.framework",
				"${TARGET_BUILD_DIR}/${FRAMEWORKS_FOLDER_PATH}/GoogleUtilities.framework",
				"${TARGET_BUILD_DIR}/${FRAMEWORKS_FOLDER_PATH}/Protobuf.framework",
				"${TARGET_BUILD_DIR}/${FRAMEWORKS_FOLDER_PATH}/GRPCClient.framework",
				"${TARGET_BUILD_DIR}/${FRAMEWORKS_FOLDER_PATH}/grpcpp.framework",
				"${TARGET_BUILD_DIR}/${FRAMEWORKS_FOLDER_PATH}/grpc.framework",
				"${TARGET_BUILD_DIR}/${FRAMEWORKS_FOLDER_PATH}/ProtoRPC.framework",
				"${TARGET_BUILD_DIR}/${FRAMEWORKS_FOLDER_PATH}/RxLibrary.framework",
				"${TARGET_BUILD_DIR}/${FRAMEWORKS_FOLDER_PATH}/leveldb.framework",
				"${TARGET_BUILD_DIR}/${FRAMEWORKS_FOLDER_PATH}/nanopb.framework",
			);
			runOnlyForDeploymentPostprocessing = 0;
			shellPath = /bin/sh;
			shellScript = "\"${SRCROOT}/Pods/Target Support Files/Pods-todo-list-firebase/Pods-todo-list-firebase-frameworks.sh\"\n";
			showEnvVarsInLog = 0;
		};
		DD35171D20B7F05F2D18F4E5 /* [CP] Check Pods Manifest.lock */ = {
			isa = PBXShellScriptBuildPhase;
			buildActionMask = 2147483647;
			files = (
			);
			inputPaths = (
				"${PODS_PODFILE_DIR_PATH}/Podfile.lock",
				"${PODS_ROOT}/Manifest.lock",
			);
			name = "[CP] Check Pods Manifest.lock";
			outputPaths = (
				"$(DERIVED_FILE_DIR)/Pods-todo-list-firebase-checkManifestLockResult.txt",
			);
			runOnlyForDeploymentPostprocessing = 0;
			shellPath = /bin/sh;
			shellScript = "diff \"${PODS_PODFILE_DIR_PATH}/Podfile.lock\" \"${PODS_ROOT}/Manifest.lock\" > /dev/null\nif [ $? != 0 ] ; then\n    # print error to STDERR\n    echo \"error: The sandbox is not in sync with the Podfile.lock. Run 'pod install' or update your CocoaPods installation.\" >&2\n    exit 1\nfi\n# This output is used by Xcode 'outputs' to avoid re-running this script phase.\necho \"SUCCESS\" > \"${SCRIPT_OUTPUT_FILE_0}\"\n";
			showEnvVarsInLog = 0;
		};
/* End PBXShellScriptBuildPhase section */

/* Begin PBXSourcesBuildPhase section */
		78073E5E2154015C00E11249 /* Sources */ = {
			isa = PBXSourcesBuildPhase;
			buildActionMask = 2147483647;
			files = (
				78DA1CA221553CC60067FFD6 /* UpgradedTextField.swift in Sources */,
				78073E682154015C00E11249 /* TaskViewController.swift in Sources */,
				784D082D215963B900DB1ACF /* TaskInteractor.swift in Sources */,
				784D082321590FC000DB1ACF /* AuthViewController.swift in Sources */,
				784D08252159104000DB1ACF /* AuthInteractor.swift in Sources */,
				784D08292159138000DB1ACF /* AuthPresenter.swift in Sources */,
				2C14985F217C659000E9F63E /* LocalNotificationsInteractor.swift in Sources */,
				780AE90E2156649100F72F27 /* ListPresenter.swift in Sources */,
				784D081E2159005400DB1ACF /* ListInteractor.swift in Sources */,
				78DA1CAA215596E90067FFD6 /* ListViewController.swift in Sources */,
				2C14D906219B62A90024D797 /* Result.swift in Sources */,
				780AE90C2156590500F72F27 /* Router.swift in Sources */,
				780AE906215655DF00F72F27 /* TaskPresenter.swift in Sources */,
				2C85C9C4215BA52200417F81 /* DatePickerTextField.swift in Sources */,
				780AE9092156563B00F72F27 /* Task.swift in Sources */,
				78073E662154015C00E11249 /* AppDelegate.swift in Sources */,
			);
			runOnlyForDeploymentPostprocessing = 0;
		};
/* End PBXSourcesBuildPhase section */

/* Begin PBXVariantGroup section */
		78073E692154015C00E11249 /* Task.storyboard */ = {
			isa = PBXVariantGroup;
			children = (
				78073E6A2154015C00E11249 /* Base */,
			);
			name = Task.storyboard;
			sourceTree = "<group>";
		};
		78073E6E2154015E00E11249 /* LaunchScreen.storyboard */ = {
			isa = PBXVariantGroup;
			children = (
				78073E6F2154015E00E11249 /* Base */,
			);
			name = LaunchScreen.storyboard;
			sourceTree = "<group>";
		};
/* End PBXVariantGroup section */

/* Begin XCBuildConfiguration section */
		78073E722154015E00E11249 /* Debug */ = {
			isa = XCBuildConfiguration;
			buildSettings = {
				ALWAYS_SEARCH_USER_PATHS = NO;
				CLANG_ANALYZER_NONNULL = YES;
				CLANG_ANALYZER_NUMBER_OBJECT_CONVERSION = YES_AGGRESSIVE;
				CLANG_CXX_LANGUAGE_STANDARD = "gnu++14";
				CLANG_CXX_LIBRARY = "libc++";
				CLANG_ENABLE_MODULES = YES;
				CLANG_ENABLE_OBJC_ARC = YES;
				CLANG_ENABLE_OBJC_WEAK = YES;
				CLANG_WARN_BLOCK_CAPTURE_AUTORELEASING = YES;
				CLANG_WARN_BOOL_CONVERSION = YES;
				CLANG_WARN_COMMA = YES;
				CLANG_WARN_CONSTANT_CONVERSION = YES;
				CLANG_WARN_DEPRECATED_OBJC_IMPLEMENTATIONS = YES;
				CLANG_WARN_DIRECT_OBJC_ISA_USAGE = YES_ERROR;
				CLANG_WARN_DOCUMENTATION_COMMENTS = YES;
				CLANG_WARN_EMPTY_BODY = YES;
				CLANG_WARN_ENUM_CONVERSION = YES;
				CLANG_WARN_INFINITE_RECURSION = YES;
				CLANG_WARN_INT_CONVERSION = YES;
				CLANG_WARN_NON_LITERAL_NULL_CONVERSION = YES;
				CLANG_WARN_OBJC_IMPLICIT_RETAIN_SELF = YES;
				CLANG_WARN_OBJC_LITERAL_CONVERSION = YES;
				CLANG_WARN_OBJC_ROOT_CLASS = YES_ERROR;
				CLANG_WARN_RANGE_LOOP_ANALYSIS = YES;
				CLANG_WARN_STRICT_PROTOTYPES = YES;
				CLANG_WARN_SUSPICIOUS_MOVE = YES;
				CLANG_WARN_UNGUARDED_AVAILABILITY = YES_AGGRESSIVE;
				CLANG_WARN_UNREACHABLE_CODE = YES;
				CLANG_WARN__DUPLICATE_METHOD_MATCH = YES;
				CODE_SIGN_IDENTITY = "iPhone Developer";
				COPY_PHASE_STRIP = NO;
				DEBUG_INFORMATION_FORMAT = dwarf;
				ENABLE_STRICT_OBJC_MSGSEND = YES;
				ENABLE_TESTABILITY = YES;
				GCC_C_LANGUAGE_STANDARD = gnu11;
				GCC_DYNAMIC_NO_PIC = NO;
				GCC_NO_COMMON_BLOCKS = YES;
				GCC_OPTIMIZATION_LEVEL = 0;
				GCC_PREPROCESSOR_DEFINITIONS = (
					"DEBUG=1",
					"$(inherited)",
				);
				GCC_WARN_64_TO_32_BIT_CONVERSION = YES;
				GCC_WARN_ABOUT_RETURN_TYPE = YES_ERROR;
				GCC_WARN_UNDECLARED_SELECTOR = YES;
				GCC_WARN_UNINITIALIZED_AUTOS = YES_AGGRESSIVE;
				GCC_WARN_UNUSED_FUNCTION = YES;
				GCC_WARN_UNUSED_VARIABLE = YES;
				IPHONEOS_DEPLOYMENT_TARGET = 12.0;
				MTL_ENABLE_DEBUG_INFO = INCLUDE_SOURCE;
				ONLY_ACTIVE_ARCH = YES;
				SDKROOT = iphoneos;
				SWIFT_ACTIVE_COMPILATION_CONDITIONS = DEBUG;
				SWIFT_OPTIMIZATION_LEVEL = "-Onone";
			};
			name = Debug;
		};
		78073E732154015E00E11249 /* Release */ = {
			isa = XCBuildConfiguration;
			buildSettings = {
				ALWAYS_SEARCH_USER_PATHS = NO;
				CLANG_ANALYZER_NONNULL = YES;
				CLANG_ANALYZER_NUMBER_OBJECT_CONVERSION = YES_AGGRESSIVE;
				CLANG_CXX_LANGUAGE_STANDARD = "gnu++14";
				CLANG_CXX_LIBRARY = "libc++";
				CLANG_ENABLE_MODULES = YES;
				CLANG_ENABLE_OBJC_ARC = YES;
				CLANG_ENABLE_OBJC_WEAK = YES;
				CLANG_WARN_BLOCK_CAPTURE_AUTORELEASING = YES;
				CLANG_WARN_BOOL_CONVERSION = YES;
				CLANG_WARN_COMMA = YES;
				CLANG_WARN_CONSTANT_CONVERSION = YES;
				CLANG_WARN_DEPRECATED_OBJC_IMPLEMENTATIONS = YES;
				CLANG_WARN_DIRECT_OBJC_ISA_USAGE = YES_ERROR;
				CLANG_WARN_DOCUMENTATION_COMMENTS = YES;
				CLANG_WARN_EMPTY_BODY = YES;
				CLANG_WARN_ENUM_CONVERSION = YES;
				CLANG_WARN_INFINITE_RECURSION = YES;
				CLANG_WARN_INT_CONVERSION = YES;
				CLANG_WARN_NON_LITERAL_NULL_CONVERSION = YES;
				CLANG_WARN_OBJC_IMPLICIT_RETAIN_SELF = YES;
				CLANG_WARN_OBJC_LITERAL_CONVERSION = YES;
				CLANG_WARN_OBJC_ROOT_CLASS = YES_ERROR;
				CLANG_WARN_RANGE_LOOP_ANALYSIS = YES;
				CLANG_WARN_STRICT_PROTOTYPES = YES;
				CLANG_WARN_SUSPICIOUS_MOVE = YES;
				CLANG_WARN_UNGUARDED_AVAILABILITY = YES_AGGRESSIVE;
				CLANG_WARN_UNREACHABLE_CODE = YES;
				CLANG_WARN__DUPLICATE_METHOD_MATCH = YES;
				CODE_SIGN_IDENTITY = "iPhone Developer";
				COPY_PHASE_STRIP = NO;
				DEBUG_INFORMATION_FORMAT = "dwarf-with-dsym";
				ENABLE_NS_ASSERTIONS = NO;
				ENABLE_STRICT_OBJC_MSGSEND = YES;
				GCC_C_LANGUAGE_STANDARD = gnu11;
				GCC_NO_COMMON_BLOCKS = YES;
				GCC_WARN_64_TO_32_BIT_CONVERSION = YES;
				GCC_WARN_ABOUT_RETURN_TYPE = YES_ERROR;
				GCC_WARN_UNDECLARED_SELECTOR = YES;
				GCC_WARN_UNINITIALIZED_AUTOS = YES_AGGRESSIVE;
				GCC_WARN_UNUSED_FUNCTION = YES;
				GCC_WARN_UNUSED_VARIABLE = YES;
				IPHONEOS_DEPLOYMENT_TARGET = 12.0;
				MTL_ENABLE_DEBUG_INFO = NO;
				SDKROOT = iphoneos;
				SWIFT_COMPILATION_MODE = wholemodule;
				SWIFT_OPTIMIZATION_LEVEL = "-O";
				VALIDATE_PRODUCT = YES;
			};
			name = Release;
		};
		78073E752154015E00E11249 /* Debug */ = {
			isa = XCBuildConfiguration;
			baseConfigurationReference = 109E02471BEA6E80221B0983 /* Pods-todo-list-firebase.debug.xcconfig */;
			buildSettings = {
				ASSETCATALOG_COMPILER_APPICON_NAME = AppIcon;
				CODE_SIGN_STYLE = Automatic;
				DEVELOPMENT_TEAM = JD6X7BWBF5;
				INFOPLIST_FILE = "todo-list-firebase/Info.plist";
				LD_RUNPATH_SEARCH_PATHS = (
					"$(inherited)",
					"@executable_path/Frameworks",
				);
				PRODUCT_BUNDLE_IDENTIFIER = "com.goloviznin.eldar.todo-list-firebase";
				PRODUCT_NAME = "$(TARGET_NAME)";
				SWIFT_VERSION = 4.2;
				TARGETED_DEVICE_FAMILY = "1,2";
			};
			name = Debug;
		};
		78073E762154015E00E11249 /* Release */ = {
			isa = XCBuildConfiguration;
			baseConfigurationReference = E515B6236A0BB0305EA02E96 /* Pods-todo-list-firebase.release.xcconfig */;
			buildSettings = {
				ASSETCATALOG_COMPILER_APPICON_NAME = AppIcon;
				CODE_SIGN_STYLE = Automatic;
				DEVELOPMENT_TEAM = JD6X7BWBF5;
				INFOPLIST_FILE = "todo-list-firebase/Info.plist";
				LD_RUNPATH_SEARCH_PATHS = (
					"$(inherited)",
					"@executable_path/Frameworks",
				);
				PRODUCT_BUNDLE_IDENTIFIER = "com.goloviznin.eldar.todo-list-firebase";
				PRODUCT_NAME = "$(TARGET_NAME)";
				SWIFT_VERSION = 4.2;
				TARGETED_DEVICE_FAMILY = "1,2";
			};
			name = Release;
		};
/* End XCBuildConfiguration section */

/* Begin XCConfigurationList section */
		78073E5D2154015C00E11249 /* Build configuration list for PBXProject "todo-list-firebase" */ = {
			isa = XCConfigurationList;
			buildConfigurations = (
				78073E722154015E00E11249 /* Debug */,
				78073E732154015E00E11249 /* Release */,
			);
			defaultConfigurationIsVisible = 0;
			defaultConfigurationName = Release;
		};
		78073E742154015E00E11249 /* Build configuration list for PBXNativeTarget "todo-list-firebase" */ = {
			isa = XCConfigurationList;
			buildConfigurations = (
				78073E752154015E00E11249 /* Debug */,
				78073E762154015E00E11249 /* Release */,
			);
			defaultConfigurationIsVisible = 0;
			defaultConfigurationName = Release;
		};
/* End XCConfigurationList section */
	};
	rootObject = 78073E5A2154015C00E11249 /* Project object */;
}
